// !$*UTF8*$!
{
	archiveVersion = 1;
	classes = {
	};
	objectVersion = 50;
	objects = {

/* Begin PBXBuildFile section */
		8B4760B82281BFAB001AE0AD /* MainTabBarViewController.swift in Sources */ = {isa = PBXBuildFile; fileRef = 8B4760B72281BFAB001AE0AD /* MainTabBarViewController.swift */; };
		8B4760BC2281C08B001AE0AD /* UserProfileViewController.swift in Sources */ = {isa = PBXBuildFile; fileRef = 8B4760BA2281C08B001AE0AD /* UserProfileViewController.swift */; };
		8B4760BD2281C08B001AE0AD /* UserProfileViewController.xib in Resources */ = {isa = PBXBuildFile; fileRef = 8B4760BB2281C08B001AE0AD /* UserProfileViewController.xib */; };
		8B4760C22281D4AE001AE0AD /* ImageCollectionViewCell.swift in Sources */ = {isa = PBXBuildFile; fileRef = 8B4760C02281D4AE001AE0AD /* ImageCollectionViewCell.swift */; };
		8B4760C32281D4AE001AE0AD /* ImageCollectionViewCell.xib in Resources */ = {isa = PBXBuildFile; fileRef = 8B4760C12281D4AE001AE0AD /* ImageCollectionViewCell.xib */; };
		8B4760C62281D4DD001AE0AD /* HeaderCollectionViewCell.swift in Sources */ = {isa = PBXBuildFile; fileRef = 8B4760C42281D4DD001AE0AD /* HeaderCollectionViewCell.swift */; };
		8B4760C72281D4DD001AE0AD /* HeaderCollectionViewCell.xib in Resources */ = {isa = PBXBuildFile; fileRef = 8B4760C52281D4DD001AE0AD /* HeaderCollectionViewCell.xib */; };
		8B50B4812284BFE20015B77A /* LoginViewController.swift in Sources */ = {isa = PBXBuildFile; fileRef = 8B50B47F2284BFE20015B77A /* LoginViewController.swift */; };
		8B50B4822284BFE20015B77A /* LoginViewController.xib in Resources */ = {isa = PBXBuildFile; fileRef = 8B50B4802284BFE20015B77A /* LoginViewController.xib */; };
		8B50B4852285C05D0015B77A /* AlertView.swift in Sources */ = {isa = PBXBuildFile; fileRef = 8B50B4842285C05D0015B77A /* AlertView.swift */; };
		8B795F6B228094280073CA66 /* Colors.swift in Sources */ = {isa = PBXBuildFile; fileRef = 8B795F6A228094280073CA66 /* Colors.swift */; };
		8B7AF7D2227CA1490009BB40 /* AppDelegate.swift in Sources */ = {isa = PBXBuildFile; fileRef = 8B7AF7D1227CA1490009BB40 /* AppDelegate.swift */; };
		8B7AF7D9227CA14A0009BB40 /* Assets.xcassets in Resources */ = {isa = PBXBuildFile; fileRef = 8B7AF7D8227CA14A0009BB40 /* Assets.xcassets */; };
		8B7AF7DC227CA14A0009BB40 /* LaunchScreen.storyboard in Resources */ = {isa = PBXBuildFile; fileRef = 8B7AF7DA227CA14A0009BB40 /* LaunchScreen.storyboard */; };
		8B7AF7E6227CA46F0009BB40 /* SignUpViewController.swift in Sources */ = {isa = PBXBuildFile; fileRef = 8B7AF7E4227CA46F0009BB40 /* SignUpViewController.swift */; };
		8B7AF7E7227CA46F0009BB40 /* SignUpViewController.xib in Resources */ = {isa = PBXBuildFile; fileRef = 8B7AF7E5227CA46F0009BB40 /* SignUpViewController.xib */; };
		8B83F9382289FC1700AC9260 /* AddPhotosViewController.swift in Sources */ = {isa = PBXBuildFile; fileRef = 8B83F9362289FC1700AC9260 /* AddPhotosViewController.swift */; };
		8B83F9392289FC1700AC9260 /* AddPhotosViewController.xib in Resources */ = {isa = PBXBuildFile; fileRef = 8B83F9372289FC1700AC9260 /* AddPhotosViewController.xib */; };
		8B83F93D2289FD1200AC9260 /* AddPhotosHeaderView.swift in Sources */ = {isa = PBXBuildFile; fileRef = 8B83F93B2289FD1200AC9260 /* AddPhotosHeaderView.swift */; };
		8B83F93E2289FD1200AC9260 /* AddPhotosHeaderView.xib in Resources */ = {isa = PBXBuildFile; fileRef = 8B83F93C2289FD1200AC9260 /* AddPhotosHeaderView.xib */; };
		8B83F943228B13E600AC9260 /* SharePhotoViewController.swift in Sources */ = {isa = PBXBuildFile; fileRef = 8B83F941228B13E600AC9260 /* SharePhotoViewController.swift */; };
		8B83F944228B13E600AC9260 /* SharePhotoViewController.xib in Resources */ = {isa = PBXBuildFile; fileRef = 8B83F942228B13E600AC9260 /* SharePhotoViewController.xib */; };
		8B83F947228B2CF600AC9260 /* User.swift in Sources */ = {isa = PBXBuildFile; fileRef = 8B83F946228B2CF600AC9260 /* User.swift */; };
		8B83F949228B572D00AC9260 /* Post.swift in Sources */ = {isa = PBXBuildFile; fileRef = 8B83F948228B572D00AC9260 /* Post.swift */; };
		8B83F94F228B5E8A00AC9260 /* SearchViewController.swift in Sources */ = {isa = PBXBuildFile; fileRef = 8B83F94D228B5E8A00AC9260 /* SearchViewController.swift */; };
		8B83F950228B5E8A00AC9260 /* SearchViewController.xib in Resources */ = {isa = PBXBuildFile; fileRef = 8B83F94E228B5E8A00AC9260 /* SearchViewController.xib */; };
		8B83F953228B5E9500AC9260 /* LikeViewController.swift in Sources */ = {isa = PBXBuildFile; fileRef = 8B83F951228B5E9500AC9260 /* LikeViewController.swift */; };
		8B83F954228B5E9500AC9260 /* LikeViewController.xib in Resources */ = {isa = PBXBuildFile; fileRef = 8B83F952228B5E9500AC9260 /* LikeViewController.xib */; };
		8B83F957228B5EA300AC9260 /* HomeViewController.swift in Sources */ = {isa = PBXBuildFile; fileRef = 8B83F955228B5EA300AC9260 /* HomeViewController.swift */; };
		8B83F958228B5EA300AC9260 /* HomeViewController.xib in Resources */ = {isa = PBXBuildFile; fileRef = 8B83F956228B5EA300AC9260 /* HomeViewController.xib */; };
		8B83F95A228B64F900AC9260 /* InstagramImageView.swift in Sources */ = {isa = PBXBuildFile; fileRef = 8B83F959228B64F900AC9260 /* InstagramImageView.swift */; };
		8B83F95E228B98E500AC9260 /* HomeFeedCollectionViewCell.swift in Sources */ = {isa = PBXBuildFile; fileRef = 8B83F95C228B98E500AC9260 /* HomeFeedCollectionViewCell.swift */; };
		8B83F95F228B98E500AC9260 /* HomeFeedCollectionViewCell.xib in Resources */ = {isa = PBXBuildFile; fileRef = 8B83F95D228B98E500AC9260 /* HomeFeedCollectionViewCell.xib */; };
		8B83F97F228C81FA00AC9260 /* FireBaseUtils.swift in Sources */ = {isa = PBXBuildFile; fileRef = 8B83F97E228C81FA00AC9260 /* FireBaseUtils.swift */; };
		8B88F44D22934522002DC737 /* DateExtension.swift in Sources */ = {isa = PBXBuildFile; fileRef = 8B88F44C22934522002DC737 /* DateExtension.swift */; };
		8B88F45122934B35002DC737 /* CamearaViewController.swift in Sources */ = {isa = PBXBuildFile; fileRef = 8B88F44F22934B35002DC737 /* CamearaViewController.swift */; };
		8B88F45222934B35002DC737 /* CamearaViewController.xib in Resources */ = {isa = PBXBuildFile; fileRef = 8B88F45022934B35002DC737 /* CamearaViewController.xib */; };
		8B88F4592293B522002DC737 /* CustomAnimationPresentor.swift in Sources */ = {isa = PBXBuildFile; fileRef = 8B88F4572293B522002DC737 /* CustomAnimationPresentor.swift */; };
		8B88F45A2293B522002DC737 /* CustomAnimationDismisser.swift in Sources */ = {isa = PBXBuildFile; fileRef = 8B88F4582293B522002DC737 /* CustomAnimationDismisser.swift */; };
		8BB104A12280844300D212D1 /* GoogleService-Info.plist in Resources */ = {isa = PBXBuildFile; fileRef = 8BB104A02280844300D212D1 /* GoogleService-Info.plist */; };
		8BF8E6E5228CC443008CEDD5 /* ViewExtension.swift in Sources */ = {isa = PBXBuildFile; fileRef = 8BF8E6E4228CC442008CEDD5 /* ViewExtension.swift */; };
		8BF8E6E7228CC9CB008CEDD5 /* NSImageCache.swift in Sources */ = {isa = PBXBuildFile; fileRef = 8BF8E6E6228CC9CB008CEDD5 /* NSImageCache.swift */; };
		8BF8E6EA228CCE59008CEDD5 /* UserSearchCollectionViewCell.swift in Sources */ = {isa = PBXBuildFile; fileRef = 8BF8E6E8228CCE59008CEDD5 /* UserSearchCollectionViewCell.swift */; };
		8BF8E6EB228CCE59008CEDD5 /* UserSearchCollectionViewCell.xib in Resources */ = {isa = PBXBuildFile; fileRef = 8BF8E6E9228CCE59008CEDD5 /* UserSearchCollectionViewCell.xib */; };
		DC5971A2A725B3B23B2B67E3 /* Pods_InstagramFirebase.framework in Frameworks */ = {isa = PBXBuildFile; fileRef = C550BDAB862575E33D851800 /* Pods_InstagramFirebase.framework */; };
/* End PBXBuildFile section */

/* Begin PBXFileReference section */
		21F63CDBC8B06090239A232C /* Pods-InstagramFirebase.debug.xcconfig */ = {isa = PBXFileReference; includeInIndex = 1; lastKnownFileType = text.xcconfig; name = "Pods-InstagramFirebase.debug.xcconfig"; path = "Target Support Files/Pods-InstagramFirebase/Pods-InstagramFirebase.debug.xcconfig"; sourceTree = "<group>"; };
		29953158CC0CBFEE2A6787F5 /* Pods-InstagramFirebase.release.xcconfig */ = {isa = PBXFileReference; includeInIndex = 1; lastKnownFileType = text.xcconfig; name = "Pods-InstagramFirebase.release.xcconfig"; path = "Target Support Files/Pods-InstagramFirebase/Pods-InstagramFirebase.release.xcconfig"; sourceTree = "<group>"; };
		8B4760B72281BFAB001AE0AD /* MainTabBarViewController.swift */ = {isa = PBXFileReference; lastKnownFileType = sourcecode.swift; path = MainTabBarViewController.swift; sourceTree = "<group>"; };
		8B4760BA2281C08B001AE0AD /* UserProfileViewController.swift */ = {isa = PBXFileReference; lastKnownFileType = sourcecode.swift; path = UserProfileViewController.swift; sourceTree = "<group>"; };
		8B4760BB2281C08B001AE0AD /* UserProfileViewController.xib */ = {isa = PBXFileReference; lastKnownFileType = file.xib; path = UserProfileViewController.xib; sourceTree = "<group>"; };
		8B4760C02281D4AE001AE0AD /* ImageCollectionViewCell.swift */ = {isa = PBXFileReference; lastKnownFileType = sourcecode.swift; path = ImageCollectionViewCell.swift; sourceTree = "<group>"; };
		8B4760C12281D4AE001AE0AD /* ImageCollectionViewCell.xib */ = {isa = PBXFileReference; lastKnownFileType = file.xib; path = ImageCollectionViewCell.xib; sourceTree = "<group>"; };
		8B4760C42281D4DD001AE0AD /* HeaderCollectionViewCell.swift */ = {isa = PBXFileReference; lastKnownFileType = sourcecode.swift; path = HeaderCollectionViewCell.swift; sourceTree = "<group>"; };
		8B4760C52281D4DD001AE0AD /* HeaderCollectionViewCell.xib */ = {isa = PBXFileReference; lastKnownFileType = file.xib; path = HeaderCollectionViewCell.xib; sourceTree = "<group>"; };
		8B50B47F2284BFE20015B77A /* LoginViewController.swift */ = {isa = PBXFileReference; lastKnownFileType = sourcecode.swift; path = LoginViewController.swift; sourceTree = "<group>"; };
		8B50B4802284BFE20015B77A /* LoginViewController.xib */ = {isa = PBXFileReference; lastKnownFileType = file.xib; path = LoginViewController.xib; sourceTree = "<group>"; };
		8B50B4842285C05D0015B77A /* AlertView.swift */ = {isa = PBXFileReference; lastKnownFileType = sourcecode.swift; path = AlertView.swift; sourceTree = "<group>"; };
		8B795F6A228094280073CA66 /* Colors.swift */ = {isa = PBXFileReference; lastKnownFileType = sourcecode.swift; path = Colors.swift; sourceTree = "<group>"; };
		8B7AF7CE227CA1490009BB40 /* InstagramFirebase.app */ = {isa = PBXFileReference; explicitFileType = wrapper.application; includeInIndex = 0; path = InstagramFirebase.app; sourceTree = BUILT_PRODUCTS_DIR; };
		8B7AF7D1227CA1490009BB40 /* AppDelegate.swift */ = {isa = PBXFileReference; lastKnownFileType = sourcecode.swift; path = AppDelegate.swift; sourceTree = "<group>"; };
		8B7AF7D8227CA14A0009BB40 /* Assets.xcassets */ = {isa = PBXFileReference; lastKnownFileType = folder.assetcatalog; path = Assets.xcassets; sourceTree = "<group>"; };
		8B7AF7DB227CA14A0009BB40 /* Base */ = {isa = PBXFileReference; lastKnownFileType = file.storyboard; name = Base; path = Base.lproj/LaunchScreen.storyboard; sourceTree = "<group>"; };
		8B7AF7DD227CA14A0009BB40 /* Info.plist */ = {isa = PBXFileReference; lastKnownFileType = text.plist.xml; path = Info.plist; sourceTree = "<group>"; };
		8B7AF7E4227CA46F0009BB40 /* SignUpViewController.swift */ = {isa = PBXFileReference; lastKnownFileType = sourcecode.swift; path = SignUpViewController.swift; sourceTree = "<group>"; };
		8B7AF7E5227CA46F0009BB40 /* SignUpViewController.xib */ = {isa = PBXFileReference; lastKnownFileType = file.xib; path = SignUpViewController.xib; sourceTree = "<group>"; };
		8B83F9362289FC1700AC9260 /* AddPhotosViewController.swift */ = {isa = PBXFileReference; lastKnownFileType = sourcecode.swift; path = AddPhotosViewController.swift; sourceTree = "<group>"; };
		8B83F9372289FC1700AC9260 /* AddPhotosViewController.xib */ = {isa = PBXFileReference; lastKnownFileType = file.xib; path = AddPhotosViewController.xib; sourceTree = "<group>"; };
		8B83F93B2289FD1200AC9260 /* AddPhotosHeaderView.swift */ = {isa = PBXFileReference; lastKnownFileType = sourcecode.swift; path = AddPhotosHeaderView.swift; sourceTree = "<group>"; };
		8B83F93C2289FD1200AC9260 /* AddPhotosHeaderView.xib */ = {isa = PBXFileReference; lastKnownFileType = file.xib; path = AddPhotosHeaderView.xib; sourceTree = "<group>"; };
		8B83F941228B13E600AC9260 /* SharePhotoViewController.swift */ = {isa = PBXFileReference; lastKnownFileType = sourcecode.swift; path = SharePhotoViewController.swift; sourceTree = "<group>"; };
		8B83F942228B13E600AC9260 /* SharePhotoViewController.xib */ = {isa = PBXFileReference; lastKnownFileType = file.xib; path = SharePhotoViewController.xib; sourceTree = "<group>"; };
		8B83F946228B2CF600AC9260 /* User.swift */ = {isa = PBXFileReference; lastKnownFileType = sourcecode.swift; path = User.swift; sourceTree = "<group>"; };
		8B83F948228B572D00AC9260 /* Post.swift */ = {isa = PBXFileReference; lastKnownFileType = sourcecode.swift; path = Post.swift; sourceTree = "<group>"; };
		8B83F94D228B5E8A00AC9260 /* SearchViewController.swift */ = {isa = PBXFileReference; lastKnownFileType = sourcecode.swift; path = SearchViewController.swift; sourceTree = "<group>"; };
		8B83F94E228B5E8A00AC9260 /* SearchViewController.xib */ = {isa = PBXFileReference; lastKnownFileType = file.xib; path = SearchViewController.xib; sourceTree = "<group>"; };
		8B83F951228B5E9500AC9260 /* LikeViewController.swift */ = {isa = PBXFileReference; lastKnownFileType = sourcecode.swift; path = LikeViewController.swift; sourceTree = "<group>"; };
		8B83F952228B5E9500AC9260 /* LikeViewController.xib */ = {isa = PBXFileReference; lastKnownFileType = file.xib; path = LikeViewController.xib; sourceTree = "<group>"; };
		8B83F955228B5EA300AC9260 /* HomeViewController.swift */ = {isa = PBXFileReference; lastKnownFileType = sourcecode.swift; path = HomeViewController.swift; sourceTree = "<group>"; };
		8B83F956228B5EA300AC9260 /* HomeViewController.xib */ = {isa = PBXFileReference; lastKnownFileType = file.xib; path = HomeViewController.xib; sourceTree = "<group>"; };
		8B83F959228B64F900AC9260 /* InstagramImageView.swift */ = {isa = PBXFileReference; lastKnownFileType = sourcecode.swift; path = InstagramImageView.swift; sourceTree = "<group>"; };
		8B83F95C228B98E500AC9260 /* HomeFeedCollectionViewCell.swift */ = {isa = PBXFileReference; lastKnownFileType = sourcecode.swift; path = HomeFeedCollectionViewCell.swift; sourceTree = "<group>"; };
		8B83F95D228B98E500AC9260 /* HomeFeedCollectionViewCell.xib */ = {isa = PBXFileReference; lastKnownFileType = file.xib; path = HomeFeedCollectionViewCell.xib; sourceTree = "<group>"; };
		8B83F97E228C81FA00AC9260 /* FireBaseUtils.swift */ = {isa = PBXFileReference; lastKnownFileType = sourcecode.swift; path = FireBaseUtils.swift; sourceTree = "<group>"; };
		8B88F44C22934522002DC737 /* DateExtension.swift */ = {isa = PBXFileReference; lastKnownFileType = sourcecode.swift; path = DateExtension.swift; sourceTree = "<group>"; };
		8B88F44F22934B35002DC737 /* CamearaViewController.swift */ = {isa = PBXFileReference; lastKnownFileType = sourcecode.swift; path = CamearaViewController.swift; sourceTree = "<group>"; };
		8B88F45022934B35002DC737 /* CamearaViewController.xib */ = {isa = PBXFileReference; lastKnownFileType = file.xib; path = CamearaViewController.xib; sourceTree = "<group>"; };
		8B88F4572293B522002DC737 /* CustomAnimationPresentor.swift */ = {isa = PBXFileReference; fileEncoding = 4; lastKnownFileType = sourcecode.swift; path = CustomAnimationPresentor.swift; sourceTree = "<group>"; };
		8B88F4582293B522002DC737 /* CustomAnimationDismisser.swift */ = {isa = PBXFileReference; fileEncoding = 4; lastKnownFileType = sourcecode.swift; path = CustomAnimationDismisser.swift; sourceTree = "<group>"; };
		8BB104A02280844300D212D1 /* GoogleService-Info.plist */ = {isa = PBXFileReference; fileEncoding = 4; lastKnownFileType = text.plist.xml; path = "GoogleService-Info.plist"; sourceTree = "<group>"; };
		8BF8E6E4228CC442008CEDD5 /* ViewExtension.swift */ = {isa = PBXFileReference; lastKnownFileType = sourcecode.swift; path = ViewExtension.swift; sourceTree = "<group>"; };
		8BF8E6E6228CC9CB008CEDD5 /* NSImageCache.swift */ = {isa = PBXFileReference; lastKnownFileType = sourcecode.swift; path = NSImageCache.swift; sourceTree = "<group>"; };
		8BF8E6E8228CCE59008CEDD5 /* UserSearchCollectionViewCell.swift */ = {isa = PBXFileReference; lastKnownFileType = sourcecode.swift; path = UserSearchCollectionViewCell.swift; sourceTree = "<group>"; };
		8BF8E6E9228CCE59008CEDD5 /* UserSearchCollectionViewCell.xib */ = {isa = PBXFileReference; lastKnownFileType = file.xib; path = UserSearchCollectionViewCell.xib; sourceTree = "<group>"; };
		C550BDAB862575E33D851800 /* Pods_InstagramFirebase.framework */ = {isa = PBXFileReference; explicitFileType = wrapper.framework; includeInIndex = 0; path = Pods_InstagramFirebase.framework; sourceTree = BUILT_PRODUCTS_DIR; };
/* End PBXFileReference section */

/* Begin PBXFrameworksBuildPhase section */
		8B7AF7CB227CA1490009BB40 /* Frameworks */ = {
			isa = PBXFrameworksBuildPhase;
			buildActionMask = 2147483647;
			files = (
				DC5971A2A725B3B23B2B67E3 /* Pods_InstagramFirebase.framework in Frameworks */,
			);
			runOnlyForDeploymentPostprocessing = 0;
		};
/* End PBXFrameworksBuildPhase section */

/* Begin PBXGroup section */
		5DA118A7352845676601BAF3 /* Frameworks */ = {
			isa = PBXGroup;
			children = (
				C550BDAB862575E33D851800 /* Pods_InstagramFirebase.framework */,
			);
			name = Frameworks;
			sourceTree = "<group>";
		};
		8B4760B52281BF6E001AE0AD /* SignUp */ = {
			isa = PBXGroup;
			children = (
				8B7AF7E4227CA46F0009BB40 /* SignUpViewController.swift */,
				8B7AF7E5227CA46F0009BB40 /* SignUpViewController.xib */,
			);
			path = SignUp;
			sourceTree = "<group>";
		};
		8B4760B62281BF7E001AE0AD /* MainTabBar */ = {
			isa = PBXGroup;
			children = (
				8B4760B72281BFAB001AE0AD /* MainTabBarViewController.swift */,
			);
			path = MainTabBar;
			sourceTree = "<group>";
		};
		8B4760B92281C06C001AE0AD /* UserProfile */ = {
			isa = PBXGroup;
			children = (
				8B4760BF2281D47E001AE0AD /* Cells */,
				8B4760BA2281C08B001AE0AD /* UserProfileViewController.swift */,
				8B4760BB2281C08B001AE0AD /* UserProfileViewController.xib */,
			);
			path = UserProfile;
			sourceTree = "<group>";
		};
		8B4760BF2281D47E001AE0AD /* Cells */ = {
			isa = PBXGroup;
			children = (
				8B4760C02281D4AE001AE0AD /* ImageCollectionViewCell.swift */,
				8B4760C12281D4AE001AE0AD /* ImageCollectionViewCell.xib */,
				8B4760C42281D4DD001AE0AD /* HeaderCollectionViewCell.swift */,
				8B4760C52281D4DD001AE0AD /* HeaderCollectionViewCell.xib */,
			);
			path = Cells;
			sourceTree = "<group>";
		};
		8B50B47E2284B9A50015B77A /* Login */ = {
			isa = PBXGroup;
			children = (
				8B50B47F2284BFE20015B77A /* LoginViewController.swift */,
				8B50B4802284BFE20015B77A /* LoginViewController.xib */,
			);
			path = Login;
			sourceTree = "<group>";
		};
		8B50B4832285BFFF0015B77A /* Utils */ = {
			isa = PBXGroup;
			children = (
				8B88F4582293B522002DC737 /* CustomAnimationDismisser.swift */,
				8B88F4572293B522002DC737 /* CustomAnimationPresentor.swift */,
				8B50B4842285C05D0015B77A /* AlertView.swift */,
				8B83F959228B64F900AC9260 /* InstagramImageView.swift */,
				8B83F97E228C81FA00AC9260 /* FireBaseUtils.swift */,
				8BF8E6E4228CC442008CEDD5 /* ViewExtension.swift */,
				8BF8E6E6228CC9CB008CEDD5 /* NSImageCache.swift */,
				8B88F44C22934522002DC737 /* DateExtension.swift */,
			);
			path = Utils;
			sourceTree = "<group>";
		};
		8B795F692280940B0073CA66 /* Theme */ = {
			isa = PBXGroup;
			children = (
				8B795F6A228094280073CA66 /* Colors.swift */,
			);
			path = Theme;
			sourceTree = "<group>";
		};
		8B795F6C2280D3A20073CA66 /* Presenter */ = {
			isa = PBXGroup;
			children = (
			);
			path = Presenter;
			sourceTree = "<group>";
		};
		8B7AF7C5227CA1490009BB40 = {
			isa = PBXGroup;
			children = (
				8B7AF7D0227CA1490009BB40 /* InstagramFirebase */,
				8B7AF7CF227CA1490009BB40 /* Products */,
				DD0BEC9FB33CF45238F870CF /* Pods */,
				5DA118A7352845676601BAF3 /* Frameworks */,
			);
			sourceTree = "<group>";
		};
		8B7AF7CF227CA1490009BB40 /* Products */ = {
			isa = PBXGroup;
			children = (
				8B7AF7CE227CA1490009BB40 /* InstagramFirebase.app */,
			);
			name = Products;
			sourceTree = "<group>";
		};
		8B7AF7D0227CA1490009BB40 /* InstagramFirebase */ = {
			isa = PBXGroup;
			children = (
				8B83F945228B2CE200AC9260 /* Models */,
				8B50B4832285BFFF0015B77A /* Utils */,
				8BC210822280D47A00FBD0E1 /* Protocols */,
				8B795F6C2280D3A20073CA66 /* Presenter */,
				8B795F692280940B0073CA66 /* Theme */,
				8B7AF7E3227CA3420009BB40 /* ViewControllers */,
				8B7AF7D1227CA1490009BB40 /* AppDelegate.swift */,
				8B7AF7D8227CA14A0009BB40 /* Assets.xcassets */,
				8B7AF7DA227CA14A0009BB40 /* LaunchScreen.storyboard */,
				8B7AF7DD227CA14A0009BB40 /* Info.plist */,
				8BB104A02280844300D212D1 /* GoogleService-Info.plist */,
			);
			path = InstagramFirebase;
			sourceTree = "<group>";
		};
		8B7AF7E3227CA3420009BB40 /* ViewControllers */ = {
			isa = PBXGroup;
			children = (
				8B88F44E22934AA5002DC737 /* Camera */,
				8B83F94C228B5E7700AC9260 /* Home */,
				8B83F94B228B5E6A00AC9260 /* Like */,
				8B83F94A228B5E6000AC9260 /* Search */,
				8B83F940228B13C500AC9260 /* SharePhoto */,
				8B83F9352289FBAA00AC9260 /* AddPhotos */,
				8B50B47E2284B9A50015B77A /* Login */,
				8B4760B92281C06C001AE0AD /* UserProfile */,
				8B4760B62281BF7E001AE0AD /* MainTabBar */,
				8B4760B52281BF6E001AE0AD /* SignUp */,
			);
			path = ViewControllers;
			sourceTree = "<group>";
		};
		8B83F9352289FBAA00AC9260 /* AddPhotos */ = {
			isa = PBXGroup;
			children = (
				8B83F93A2289FC3500AC9260 /* Cells */,
				8B83F9362289FC1700AC9260 /* AddPhotosViewController.swift */,
				8B83F9372289FC1700AC9260 /* AddPhotosViewController.xib */,
			);
			path = AddPhotos;
			sourceTree = "<group>";
		};
		8B83F93A2289FC3500AC9260 /* Cells */ = {
			isa = PBXGroup;
			children = (
				8B83F93B2289FD1200AC9260 /* AddPhotosHeaderView.swift */,
				8B83F93C2289FD1200AC9260 /* AddPhotosHeaderView.xib */,
			);
			path = Cells;
			sourceTree = "<group>";
		};
		8B83F940228B13C500AC9260 /* SharePhoto */ = {
			isa = PBXGroup;
			children = (
				8B83F941228B13E600AC9260 /* SharePhotoViewController.swift */,
				8B83F942228B13E600AC9260 /* SharePhotoViewController.xib */,
			);
			path = SharePhoto;
			sourceTree = "<group>";
		};
		8B83F945228B2CE200AC9260 /* Models */ = {
			isa = PBXGroup;
			children = (
				8B83F946228B2CF600AC9260 /* User.swift */,
				8B83F948228B572D00AC9260 /* Post.swift */,
			);
			path = Models;
			sourceTree = "<group>";
		};
		8B83F94A228B5E6000AC9260 /* Search */ = {
			isa = PBXGroup;
			children = (
				8BF8E6EC228CCE66008CEDD5 /* Cells */,
				8B83F94D228B5E8A00AC9260 /* SearchViewController.swift */,
				8B83F94E228B5E8A00AC9260 /* SearchViewController.xib */,
			);
			path = Search;
			sourceTree = "<group>";
		};
		8B83F94B228B5E6A00AC9260 /* Like */ = {
			isa = PBXGroup;
			children = (
				8B83F951228B5E9500AC9260 /* LikeViewController.swift */,
				8B83F952228B5E9500AC9260 /* LikeViewController.xib */,
			);
			path = Like;
			sourceTree = "<group>";
		};
		8B83F94C228B5E7700AC9260 /* Home */ = {
			isa = PBXGroup;
			children = (
				8B83F95B228B984C00AC9260 /* Cells */,
				8B83F955228B5EA300AC9260 /* HomeViewController.swift */,
				8B83F956228B5EA300AC9260 /* HomeViewController.xib */,
			);
			path = Home;
			sourceTree = "<group>";
		};
		8B83F95B228B984C00AC9260 /* Cells */ = {
			isa = PBXGroup;
			children = (
				8B83F95C228B98E500AC9260 /* HomeFeedCollectionViewCell.swift */,
				8B83F95D228B98E500AC9260 /* HomeFeedCollectionViewCell.xib */,
			);
			path = Cells;
			sourceTree = "<group>";
		};
		8B88F44E22934AA5002DC737 /* Camera */ = {
			isa = PBXGroup;
			children = (
				8B88F44F22934B35002DC737 /* CamearaViewController.swift */,
				8B88F45022934B35002DC737 /* CamearaViewController.xib */,
			);
			path = Camera;
			sourceTree = "<group>";
		};
		8BC210822280D47A00FBD0E1 /* Protocols */ = {
			isa = PBXGroup;
			children = (
			);
			path = Protocols;
			sourceTree = "<group>";
		};
		8BF8E6EC228CCE66008CEDD5 /* Cells */ = {
			isa = PBXGroup;
			children = (
				8BF8E6E8228CCE59008CEDD5 /* UserSearchCollectionViewCell.swift */,
				8BF8E6E9228CCE59008CEDD5 /* UserSearchCollectionViewCell.xib */,
			);
			path = Cells;
			sourceTree = "<group>";
		};
		DD0BEC9FB33CF45238F870CF /* Pods */ = {
			isa = PBXGroup;
			children = (
				21F63CDBC8B06090239A232C /* Pods-InstagramFirebase.debug.xcconfig */,
				29953158CC0CBFEE2A6787F5 /* Pods-InstagramFirebase.release.xcconfig */,
			);
			path = Pods;
			sourceTree = "<group>";
		};
/* End PBXGroup section */

/* Begin PBXNativeTarget section */
		8B7AF7CD227CA1490009BB40 /* InstagramFirebase */ = {
			isa = PBXNativeTarget;
			buildConfigurationList = 8B7AF7E0227CA14A0009BB40 /* Build configuration list for PBXNativeTarget "InstagramFirebase" */;
			buildPhases = (
				54542E739C865905D65D564C /* [CP] Check Pods Manifest.lock */,
				8B7AF7CA227CA1490009BB40 /* Sources */,
				8B7AF7CB227CA1490009BB40 /* Frameworks */,
				8B7AF7CC227CA1490009BB40 /* Resources */,
				4AFA377AB616EA418933AEFF /* [CP] Embed Pods Frameworks */,
			);
			buildRules = (
			);
			dependencies = (
			);
			name = InstagramFirebase;
			productName = InstagramFirebase;
			productReference = 8B7AF7CE227CA1490009BB40 /* InstagramFirebase.app */;
			productType = "com.apple.product-type.application";
		};
/* End PBXNativeTarget section */

/* Begin PBXProject section */
		8B7AF7C6227CA1490009BB40 /* Project object */ = {
			isa = PBXProject;
			attributes = {
				LastSwiftUpdateCheck = 1020;
				LastUpgradeCheck = 1020;
				ORGANIZATIONNAME = Developer;
				TargetAttributes = {
					8B7AF7CD227CA1490009BB40 = {
						CreatedOnToolsVersion = 10.2.1;
					};
				};
			};
			buildConfigurationList = 8B7AF7C9227CA1490009BB40 /* Build configuration list for PBXProject "InstagramFirebase" */;
			compatibilityVersion = "Xcode 9.3";
			developmentRegion = en;
			hasScannedForEncodings = 0;
			knownRegions = (
				en,
				Base,
			);
			mainGroup = 8B7AF7C5227CA1490009BB40;
			productRefGroup = 8B7AF7CF227CA1490009BB40 /* Products */;
			projectDirPath = "";
			projectRoot = "";
			targets = (
				8B7AF7CD227CA1490009BB40 /* InstagramFirebase */,
			);
		};
/* End PBXProject section */

/* Begin PBXResourcesBuildPhase section */
		8B7AF7CC227CA1490009BB40 /* Resources */ = {
			isa = PBXResourcesBuildPhase;
			buildActionMask = 2147483647;
			files = (
				8B50B4822284BFE20015B77A /* LoginViewController.xib in Resources */,
				8B83F954228B5E9500AC9260 /* LikeViewController.xib in Resources */,
				8B4760BD2281C08B001AE0AD /* UserProfileViewController.xib in Resources */,
				8B83F950228B5E8A00AC9260 /* SearchViewController.xib in Resources */,
				8B7AF7DC227CA14A0009BB40 /* LaunchScreen.storyboard in Resources */,
				8B83F958228B5EA300AC9260 /* HomeViewController.xib in Resources */,
				8BB104A12280844300D212D1 /* GoogleService-Info.plist in Resources */,
				8B88F45222934B35002DC737 /* CamearaViewController.xib in Resources */,
				8B83F93E2289FD1200AC9260 /* AddPhotosHeaderView.xib in Resources */,
				8B83F95F228B98E500AC9260 /* HomeFeedCollectionViewCell.xib in Resources */,
				8B7AF7E7227CA46F0009BB40 /* SignUpViewController.xib in Resources */,
				8BF8E6EB228CCE59008CEDD5 /* UserSearchCollectionViewCell.xib in Resources */,
				8B83F944228B13E600AC9260 /* SharePhotoViewController.xib in Resources */,
				8B4760C72281D4DD001AE0AD /* HeaderCollectionViewCell.xib in Resources */,
				8B4760C32281D4AE001AE0AD /* ImageCollectionViewCell.xib in Resources */,
				8B7AF7D9227CA14A0009BB40 /* Assets.xcassets in Resources */,
				8B83F9392289FC1700AC9260 /* AddPhotosViewController.xib in Resources */,
			);
			runOnlyForDeploymentPostprocessing = 0;
		};
/* End PBXResourcesBuildPhase section */

/* Begin PBXShellScriptBuildPhase section */
		4AFA377AB616EA418933AEFF /* [CP] Embed Pods Frameworks */ = {
			isa = PBXShellScriptBuildPhase;
			buildActionMask = 2147483647;
			files = (
			);
			inputFileListPaths = (
			);
			inputPaths = (
				"${PODS_ROOT}/Target Support Files/Pods-InstagramFirebase/Pods-InstagramFirebase-frameworks.sh",
				"${BUILT_PRODUCTS_DIR}/GTMSessionFetcher/GTMSessionFetcher.framework",
				"${BUILT_PRODUCTS_DIR}/GoogleUtilities/GoogleUtilities.framework",
				"${BUILT_PRODUCTS_DIR}/leveldb-library/leveldb.framework",
				"${BUILT_PRODUCTS_DIR}/nanopb/nanopb.framework",
			);
			name = "[CP] Embed Pods Frameworks";
			outputFileListPaths = (
			);
			outputPaths = (
				"${TARGET_BUILD_DIR}/${FRAMEWORKS_FOLDER_PATH}/GTMSessionFetcher.framework",
				"${TARGET_BUILD_DIR}/${FRAMEWORKS_FOLDER_PATH}/GoogleUtilities.framework",
				"${TARGET_BUILD_DIR}/${FRAMEWORKS_FOLDER_PATH}/leveldb.framework",
				"${TARGET_BUILD_DIR}/${FRAMEWORKS_FOLDER_PATH}/nanopb.framework",
			);
			runOnlyForDeploymentPostprocessing = 0;
			shellPath = /bin/sh;
			shellScript = "\"${PODS_ROOT}/Target Support Files/Pods-InstagramFirebase/Pods-InstagramFirebase-frameworks.sh\"\n";
			showEnvVarsInLog = 0;
		};
		54542E739C865905D65D564C /* [CP] Check Pods Manifest.lock */ = {
			isa = PBXShellScriptBuildPhase;
			buildActionMask = 2147483647;
			files = (
			);
			inputFileListPaths = (
			);
			inputPaths = (
				"${PODS_PODFILE_DIR_PATH}/Podfile.lock",
				"${PODS_ROOT}/Manifest.lock",
			);
			name = "[CP] Check Pods Manifest.lock";
			outputFileListPaths = (
			);
			outputPaths = (
				"$(DERIVED_FILE_DIR)/Pods-InstagramFirebase-checkManifestLockResult.txt",
			);
			runOnlyForDeploymentPostprocessing = 0;
			shellPath = /bin/sh;
			shellScript = "diff \"${PODS_PODFILE_DIR_PATH}/Podfile.lock\" \"${PODS_ROOT}/Manifest.lock\" > /dev/null\nif [ $? != 0 ] ; then\n    # print error to STDERR\n    echo \"error: The sandbox is not in sync with the Podfile.lock. Run 'pod install' or update your CocoaPods installation.\" >&2\n    exit 1\nfi\n# This output is used by Xcode 'outputs' to avoid re-running this script phase.\necho \"SUCCESS\" > \"${SCRIPT_OUTPUT_FILE_0}\"\n";
			showEnvVarsInLog = 0;
		};
/* End PBXShellScriptBuildPhase section */

/* Begin PBXSourcesBuildPhase section */
		8B7AF7CA227CA1490009BB40 /* Sources */ = {
			isa = PBXSourcesBuildPhase;
			buildActionMask = 2147483647;
			files = (
				8B83F94F228B5E8A00AC9260 /* SearchViewController.swift in Sources */,
				8B88F44D22934522002DC737 /* DateExtension.swift in Sources */,
				8B83F947228B2CF600AC9260 /* User.swift in Sources */,
				8B4760C22281D4AE001AE0AD /* ImageCollectionViewCell.swift in Sources */,
				8B88F45122934B35002DC737 /* CamearaViewController.swift in Sources */,
				8BF8E6E5228CC443008CEDD5 /* ViewExtension.swift in Sources */,
				8B83F95A228B64F900AC9260 /* InstagramImageView.swift in Sources */,
				8BF8E6E7228CC9CB008CEDD5 /* NSImageCache.swift in Sources */,
				8BF8E6EA228CCE59008CEDD5 /* UserSearchCollectionViewCell.swift in Sources */,
				8B83F97F228C81FA00AC9260 /* FireBaseUtils.swift in Sources */,
				8B83F957228B5EA300AC9260 /* HomeViewController.swift in Sources */,
				8B83F93D2289FD1200AC9260 /* AddPhotosHeaderView.swift in Sources */,
				8B795F6B228094280073CA66 /* Colors.swift in Sources */,
				8B4760BC2281C08B001AE0AD /* UserProfileViewController.swift in Sources */,
				8B88F4592293B522002DC737 /* CustomAnimationPresentor.swift in Sources */,
				8B83F949228B572D00AC9260 /* Post.swift in Sources */,
				8B83F953228B5E9500AC9260 /* LikeViewController.swift in Sources */,
				8B4760C62281D4DD001AE0AD /* HeaderCollectionViewCell.swift in Sources */,
				8B50B4812284BFE20015B77A /* LoginViewController.swift in Sources */,
				8B83F9382289FC1700AC9260 /* AddPhotosViewController.swift in Sources */,
				8B4760B82281BFAB001AE0AD /* MainTabBarViewController.swift in Sources */,
				8B83F95E228B98E500AC9260 /* HomeFeedCollectionViewCell.swift in Sources */,
				8B7AF7E6227CA46F0009BB40 /* SignUpViewController.swift in Sources */,
				8B83F943228B13E600AC9260 /* SharePhotoViewController.swift in Sources */,
				8B88F45A2293B522002DC737 /* CustomAnimationDismisser.swift in Sources */,
				8B50B4852285C05D0015B77A /* AlertView.swift in Sources */,
				8B7AF7D2227CA1490009BB40 /* AppDelegate.swift in Sources */,
			);
			runOnlyForDeploymentPostprocessing = 0;
		};
/* End PBXSourcesBuildPhase section */

/* Begin PBXVariantGroup section */
		8B7AF7DA227CA14A0009BB40 /* LaunchScreen.storyboard */ = {
			isa = PBXVariantGroup;
			children = (
				8B7AF7DB227CA14A0009BB40 /* Base */,
			);
			name = LaunchScreen.storyboard;
			sourceTree = "<group>";
		};
/* End PBXVariantGroup section */

/* Begin XCBuildConfiguration section */
		8B7AF7DE227CA14A0009BB40 /* Debug */ = {
			isa = XCBuildConfiguration;
			buildSettings = {
				ALWAYS_SEARCH_USER_PATHS = NO;
				CLANG_ANALYZER_NONNULL = YES;
				CLANG_ANALYZER_NUMBER_OBJECT_CONVERSION = YES_AGGRESSIVE;
				CLANG_CXX_LANGUAGE_STANDARD = "gnu++14";
				CLANG_CXX_LIBRARY = "libc++";
				CLANG_ENABLE_MODULES = YES;
				CLANG_ENABLE_OBJC_ARC = YES;
				CLANG_ENABLE_OBJC_WEAK = YES;
				CLANG_WARN_BLOCK_CAPTURE_AUTORELEASING = YES;
				CLANG_WARN_BOOL_CONVERSION = YES;
				CLANG_WARN_COMMA = YES;
				CLANG_WARN_CONSTANT_CONVERSION = YES;
				CLANG_WARN_DEPRECATED_OBJC_IMPLEMENTATIONS = YES;
				CLANG_WARN_DIRECT_OBJC_ISA_USAGE = YES_ERROR;
				CLANG_WARN_DOCUMENTATION_COMMENTS = YES;
				CLANG_WARN_EMPTY_BODY = YES;
				CLANG_WARN_ENUM_CONVERSION = YES;
				CLANG_WARN_INFINITE_RECURSION = YES;
				CLANG_WARN_INT_CONVERSION = YES;
				CLANG_WARN_NON_LITERAL_NULL_CONVERSION = YES;
				CLANG_WARN_OBJC_IMPLICIT_RETAIN_SELF = YES;
				CLANG_WARN_OBJC_LITERAL_CONVERSION = YES;
				CLANG_WARN_OBJC_ROOT_CLASS = YES_ERROR;
				CLANG_WARN_RANGE_LOOP_ANALYSIS = YES;
				CLANG_WARN_STRICT_PROTOTYPES = YES;
				CLANG_WARN_SUSPICIOUS_MOVE = YES;
				CLANG_WARN_UNGUARDED_AVAILABILITY = YES_AGGRESSIVE;
				CLANG_WARN_UNREACHABLE_CODE = YES;
				CLANG_WARN__DUPLICATE_METHOD_MATCH = YES;
				CODE_SIGN_IDENTITY = "iPhone Developer";
				COPY_PHASE_STRIP = NO;
				DEBUG_INFORMATION_FORMAT = dwarf;
				ENABLE_STRICT_OBJC_MSGSEND = YES;
				ENABLE_TESTABILITY = YES;
				GCC_C_LANGUAGE_STANDARD = gnu11;
				GCC_DYNAMIC_NO_PIC = NO;
				GCC_NO_COMMON_BLOCKS = YES;
				GCC_OPTIMIZATION_LEVEL = 0;
				GCC_PREPROCESSOR_DEFINITIONS = (
					"DEBUG=1",
					"$(inherited)",
				);
				GCC_WARN_64_TO_32_BIT_CONVERSION = YES;
				GCC_WARN_ABOUT_RETURN_TYPE = YES_ERROR;
				GCC_WARN_UNDECLARED_SELECTOR = YES;
				GCC_WARN_UNINITIALIZED_AUTOS = YES_AGGRESSIVE;
				GCC_WARN_UNUSED_FUNCTION = YES;
				GCC_WARN_UNUSED_VARIABLE = YES;
				IPHONEOS_DEPLOYMENT_TARGET = 12.2;
				MTL_ENABLE_DEBUG_INFO = INCLUDE_SOURCE;
				MTL_FAST_MATH = YES;
				ONLY_ACTIVE_ARCH = YES;
				SDKROOT = iphoneos;
				SWIFT_ACTIVE_COMPILATION_CONDITIONS = DEBUG;
				SWIFT_OPTIMIZATION_LEVEL = "-Onone";
			};
			name = Debug;
		};
		8B7AF7DF227CA14A0009BB40 /* Release */ = {
			isa = XCBuildConfiguration;
			buildSettings = {
				ALWAYS_SEARCH_USER_PATHS = NO;
				CLANG_ANALYZER_NONNULL = YES;
				CLANG_ANALYZER_NUMBER_OBJECT_CONVERSION = YES_AGGRESSIVE;
				CLANG_CXX_LANGUAGE_STANDARD = "gnu++14";
				CLANG_CXX_LIBRARY = "libc++";
				CLANG_ENABLE_MODULES = YES;
				CLANG_ENABLE_OBJC_ARC = YES;
				CLANG_ENABLE_OBJC_WEAK = YES;
				CLANG_WARN_BLOCK_CAPTURE_AUTORELEASING = YES;
				CLANG_WARN_BOOL_CONVERSION = YES;
				CLANG_WARN_COMMA = YES;
				CLANG_WARN_CONSTANT_CONVERSION = YES;
				CLANG_WARN_DEPRECATED_OBJC_IMPLEMENTATIONS = YES;
				CLANG_WARN_DIRECT_OBJC_ISA_USAGE = YES_ERROR;
				CLANG_WARN_DOCUMENTATION_COMMENTS = YES;
				CLANG_WARN_EMPTY_BODY = YES;
				CLANG_WARN_ENUM_CONVERSION = YES;
				CLANG_WARN_INFINITE_RECURSION = YES;
				CLANG_WARN_INT_CONVERSION = YES;
				CLANG_WARN_NON_LITERAL_NULL_CONVERSION = YES;
				CLANG_WARN_OBJC_IMPLICIT_RETAIN_SELF = YES;
				CLANG_WARN_OBJC_LITERAL_CONVERSION = YES;
				CLANG_WARN_OBJC_ROOT_CLASS = YES_ERROR;
				CLANG_WARN_RANGE_LOOP_ANALYSIS = YES;
				CLANG_WARN_STRICT_PROTOTYPES = YES;
				CLANG_WARN_SUSPICIOUS_MOVE = YES;
				CLANG_WARN_UNGUARDED_AVAILABILITY = YES_AGGRESSIVE;
				CLANG_WARN_UNREACHABLE_CODE = YES;
				CLANG_WARN__DUPLICATE_METHOD_MATCH = YES;
				CODE_SIGN_IDENTITY = "iPhone Developer";
				COPY_PHASE_STRIP = NO;
				DEBUG_INFORMATION_FORMAT = "dwarf-with-dsym";
				ENABLE_NS_ASSERTIONS = NO;
				ENABLE_STRICT_OBJC_MSGSEND = YES;
				GCC_C_LANGUAGE_STANDARD = gnu11;
				GCC_NO_COMMON_BLOCKS = YES;
				GCC_WARN_64_TO_32_BIT_CONVERSION = YES;
				GCC_WARN_ABOUT_RETURN_TYPE = YES_ERROR;
				GCC_WARN_UNDECLARED_SELECTOR = YES;
				GCC_WARN_UNINITIALIZED_AUTOS = YES_AGGRESSIVE;
				GCC_WARN_UNUSED_FUNCTION = YES;
				GCC_WARN_UNUSED_VARIABLE = YES;
				IPHONEOS_DEPLOYMENT_TARGET = 12.2;
				MTL_ENABLE_DEBUG_INFO = NO;
				MTL_FAST_MATH = YES;
				SDKROOT = iphoneos;
				SWIFT_COMPILATION_MODE = wholemodule;
				SWIFT_OPTIMIZATION_LEVEL = "-O";
				VALIDATE_PRODUCT = YES;
			};
			name = Release;
		};
		8B7AF7E1227CA14A0009BB40 /* Debug */ = {
			isa = XCBuildConfiguration;
			baseConfigurationReference = 21F63CDBC8B06090239A232C /* Pods-InstagramFirebase.debug.xcconfig */;
			buildSettings = {
				ASSETCATALOG_COMPILER_APPICON_NAME = AppIcon;
				CODE_SIGN_IDENTITY = "iPhone Developer";
				CODE_SIGN_STYLE = Automatic;
				DEVELOPMENT_TEAM = C9NNB947EN;
				INFOPLIST_FILE = InstagramFirebase/Info.plist;
				IPHONEOS_DEPLOYMENT_TARGET = 11.0;
				LD_RUNPATH_SEARCH_PATHS = (
					"$(inherited)",
					"@executable_path/Frameworks",
				);
				PRODUCT_BUNDLE_IDENTIFIER = corralesruizi.com.InstagramFirebase;
				PRODUCT_NAME = "$(TARGET_NAME)";
				PROVISIONING_PROFILE_SPECIFIER = "";
				SWIFT_VERSION = 5.0;
				TARGETED_DEVICE_FAMILY = "1,2";
			};
			name = Debug;
		};
		8B7AF7E2227CA14A0009BB40 /* Release */ = {
			isa = XCBuildConfiguration;
			baseConfigurationReference = 29953158CC0CBFEE2A6787F5 /* Pods-InstagramFirebase.release.xcconfig */;
			buildSettings = {
				ASSETCATALOG_COMPILER_APPICON_NAME = AppIcon;
				CODE_SIGN_IDENTITY = "iPhone Developer";
				CODE_SIGN_STYLE = Automatic;
				DEVELOPMENT_TEAM = C9NNB947EN;
				INFOPLIST_FILE = InstagramFirebase/Info.plist;
				IPHONEOS_DEPLOYMENT_TARGET = 11.0;
				LD_RUNPATH_SEARCH_PATHS = (
					"$(inherited)",
					"@executable_path/Frameworks",
				);
				PRODUCT_BUNDLE_IDENTIFIER = corralesruizi.com.InstagramFirebase;
				PRODUCT_NAME = "$(TARGET_NAME)";
				PROVISIONING_PROFILE_SPECIFIER = "";
				SWIFT_VERSION = 5.0;
				TARGETED_DEVICE_FAMILY = "1,2";
			};
			name = Release;
		};
/* End XCBuildConfiguration section */

/* Begin XCConfigurationList section */
		8B7AF7C9227CA1490009BB40 /* Build configuration list for PBXProject "InstagramFirebase" */ = {
			isa = XCConfigurationList;
			buildConfigurations = (
				8B7AF7DE227CA14A0009BB40 /* Debug */,
				8B7AF7DF227CA14A0009BB40 /* Release */,
			);
			defaultConfigurationIsVisible = 0;
			defaultConfigurationName = Release;
		};
		8B7AF7E0227CA14A0009BB40 /* Build configuration list for PBXNativeTarget "InstagramFirebase" */ = {
			isa = XCConfigurationList;
			buildConfigurations = (
				8B7AF7E1227CA14A0009BB40 /* Debug */,
				8B7AF7E2227CA14A0009BB40 /* Release */,
			);
			defaultConfigurationIsVisible = 0;
			defaultConfigurationName = Release;
		};
/* End XCConfigurationList section */
	};
	rootObject = 8B7AF7C6227CA1490009BB40 /* Project object */;
}
